
Microsoft Visual Studio Solution File, Format Version 12.00
# Visual Studio 15
VisualStudioVersion = 15.0.28010.2048
MinimumVisualStudioVersion = 10.0.40219.1
Project("{FAE04EC0-301F-11D3-BF4B-00C04F79EFBC}") = "EfConsoleApp", "EfConsoleApp\EfConsoleApp.csproj", "{0CFAFB61-0F4F-40D9-B3ED-509B2A8FF8A2}"
EndProject
Global
	GlobalSection(SolutionConfigurationPlatforms) = preSolution
		Debug|Any CPU = Debug|Any CPU
		Release|Any CPU = Release|Any CPU
	EndGlobalSection
	GlobalSection(ProjectConfigurationPlatforms) = postSolution
		{0CFAFB61-0F4F-40D9-B3ED-509B2A8FF8A2}.Debug|Any CPU.ActiveCfg = Debug|Any CPU
		{0CFAFB61-0F4F-40D9-B3ED-509B2A8FF8A2}.Debug|Any CPU.Build.0 = Debug|Any CPU
		{0CFAFB61-0F4F-40D9-B3ED-509B2A8FF8A2}.Release|Any CPU.ActiveCfg = Release|Any CPU
		{0CFAFB61-0F4F-40D9-B3ED-509B2A8FF8A2}.Release|Any CPU.Build.0 = Release|Any CPU
	EndGlobalSection
	GlobalSection(SolutionProperties) = preSolution
		HideSolutionNode = FALSE
	EndGlobalSection
	GlobalSection(ExtensibilityGlobals) = postSolution
		SolutionGuid = {529C3A33-A69C-4569-9FA6-25A8D632411C}
	EndGlobalSection
EndGlobal
